// !$*UTF8*$!
{
	archiveVersion = 1;
	classes = {
	};
	objectVersion = 50;
	objects = {

/* Begin PBXBuildFile section */
		32664E2424B32FFB00208EF7 /* AppDelegate.swift in Sources */ = {isa = PBXBuildFile; fileRef = 32664E2324B32FFB00208EF7 /* AppDelegate.swift */; };
		32664E2624B32FFB00208EF7 /* SceneDelegate.swift in Sources */ = {isa = PBXBuildFile; fileRef = 32664E2524B32FFB00208EF7 /* SceneDelegate.swift */; };
		32664E2B24B32FFB00208EF7 /* Main.storyboard in Resources */ = {isa = PBXBuildFile; fileRef = 32664E2924B32FFB00208EF7 /* Main.storyboard */; };
		32664E2D24B32FFD00208EF7 /* Assets.xcassets in Resources */ = {isa = PBXBuildFile; fileRef = 32664E2C24B32FFD00208EF7 /* Assets.xcassets */; };
		32664E3024B32FFD00208EF7 /* LaunchScreen.storyboard in Resources */ = {isa = PBXBuildFile; fileRef = 32664E2E24B32FFD00208EF7 /* LaunchScreen.storyboard */; };
		32664E3B24B3588100208EF7 /* ViewController.swift in Sources */ = {isa = PBXBuildFile; fileRef = 32664E2724B32FFB00208EF7 /* ViewController.swift */; };
		32664E3F24B35D7C00208EF7 /* NextViewController.swift in Sources */ = {isa = PBXBuildFile; fileRef = 32664E3E24B35D7C00208EF7 /* NextViewController.swift */; };
/* End PBXBuildFile section */

/* Begin PBXFileReference section */
		32664E2024B32FFB00208EF7 /* wan-cat.app */ = {isa = PBXFileReference; explicitFileType = wrapper.application; includeInIndex = 0; path = "wan-cat.app"; sourceTree = BUILT_PRODUCTS_DIR; };
		32664E2324B32FFB00208EF7 /* AppDelegate.swift */ = {isa = PBXFileReference; lastKnownFileType = sourcecode.swift; path = AppDelegate.swift; sourceTree = "<group>"; };
		32664E2524B32FFB00208EF7 /* SceneDelegate.swift */ = {isa = PBXFileReference; lastKnownFileType = sourcecode.swift; path = SceneDelegate.swift; sourceTree = "<group>"; };
		32664E2724B32FFB00208EF7 /* ViewController.swift */ = {isa = PBXFileReference; lastKnownFileType = sourcecode.swift; path = ViewController.swift; sourceTree = "<group>"; };
		32664E2A24B32FFB00208EF7 /* Base */ = {isa = PBXFileReference; lastKnownFileType = file.storyboard; name = Base; path = Base.lproj/Main.storyboard; sourceTree = "<group>"; };
		32664E2C24B32FFD00208EF7 /* Assets.xcassets */ = {isa = PBXFileReference; lastKnownFileType = folder.assetcatalog; path = Assets.xcassets; sourceTree = "<group>"; };
		32664E2F24B32FFD00208EF7 /* Base */ = {isa = PBXFileReference; lastKnownFileType = file.storyboard; name = Base; path = Base.lproj/LaunchScreen.storyboard; sourceTree = "<group>"; };
		32664E3124B32FFD00208EF7 /* Info.plist */ = {isa = PBXFileReference; lastKnownFileType = text.plist.xml; path = Info.plist; sourceTree = "<group>"; };
		32664E3E24B35D7C00208EF7 /* NextViewController.swift */ = {isa = PBXFileReference; lastKnownFileType = sourcecode.swift; path = NextViewController.swift; sourceTree = "<group>"; };
/* End PBXFileReference section */

/* Begin PBXFrameworksBuildPhase section */
		32664E1D24B32FFB00208EF7 /* Frameworks */ = {
			isa = PBXFrameworksBuildPhase;
			buildActionMask = 2147483647;
			files = (
			);
			runOnlyForDeploymentPostprocessing = 0;
		};
/* End PBXFrameworksBuildPhase section */

/* Begin PBXGroup section */
		32664E1724B32FFB00208EF7 = {
			isa = PBXGroup;
			children = (
				32664E2224B32FFB00208EF7 /* wan-cat */,
				32664E2124B32FFB00208EF7 /* Products */,
			);
			sourceTree = "<group>";
		};
		32664E2124B32FFB00208EF7 /* Products */ = {
			isa = PBXGroup;
			children = (
				32664E2024B32FFB00208EF7 /* wan-cat.app */,
			);
			name = Products;
			sourceTree = "<group>";
		};
		32664E2224B32FFB00208EF7 /* wan-cat */ = {
			isa = PBXGroup;
			children = (
				32664E2324B32FFB00208EF7 /* AppDelegate.swift */,
				32664E2524B32FFB00208EF7 /* SceneDelegate.swift */,
				32664E2724B32FFB00208EF7 /* ViewController.swift */,
				32664E2924B32FFB00208EF7 /* Main.storyboard */,
				32664E3E24B35D7C00208EF7 /* NextViewController.swift */,
				32664E2C24B32FFD00208EF7 /* Assets.xcassets */,
				32664E2E24B32FFD00208EF7 /* LaunchScreen.storyboard */,
				32664E3124B32FFD00208EF7 /* Info.plist */,
			);
			path = "wan-cat";
			sourceTree = "<group>";
		};
/* End PBXGroup section */

/* Begin PBXNativeTarget section */
		32664E1F24B32FFB00208EF7 /* wan-cat */ = {
			isa = PBXNativeTarget;
			buildConfigurationList = 32664E3424B32FFD00208EF7 /* Build configuration list for PBXNativeTarget "wan-cat" */;
			buildPhases = (
				32664E1C24B32FFB00208EF7 /* Sources */,
				32664E1D24B32FFB00208EF7 /* Frameworks */,
				32664E1E24B32FFB00208EF7 /* Resources */,
			);
			buildRules = (
			);
			dependencies = (
			);
			name = "wan-cat";
			productName = "wan-cat";
			productReference = 32664E2024B32FFB00208EF7 /* wan-cat.app */;
			productType = "com.apple.product-type.application";
		};
/* End PBXNativeTarget section */

/* Begin PBXProject section */
		32664E1824B32FFB00208EF7 /* Project object */ = {
			isa = PBXProject;
			attributes = {
				LastSwiftUpdateCheck = 1150;
				LastUpgradeCheck = 1150;
				ORGANIZATIONNAME = fumiya.soeno;
				TargetAttributes = {
					32664E1F24B32FFB00208EF7 = {
						CreatedOnToolsVersion = 11.5;
					};
				};
			};
			buildConfigurationList = 32664E1B24B32FFB00208EF7 /* Build configuration list for PBXProject "wan-cat" */;
			compatibilityVersion = "Xcode 9.3";
			developmentRegion = en;
			hasScannedForEncodings = 0;
			knownRegions = (
				en,
				Base,
			);
			mainGroup = 32664E1724B32FFB00208EF7;
			productRefGroup = 32664E2124B32FFB00208EF7 /* Products */;
			projectDirPath = "";
			projectRoot = "";
			targets = (
				32664E1F24B32FFB00208EF7 /* wan-cat */,
			);
		};
/* End PBXProject section */

/* Begin PBXResourcesBuildPhase section */
		32664E1E24B32FFB00208EF7 /* Resources */ = {
			isa = PBXResourcesBuildPhase;
			buildActionMask = 2147483647;
			files = (
				32664E3024B32FFD00208EF7 /* LaunchScreen.storyboard in Resources */,
				32664E2D24B32FFD00208EF7 /* Assets.xcassets in Resources */,
				32664E2B24B32FFB00208EF7 /* Main.storyboard in Resources */,
			);
			runOnlyForDeploymentPostprocessing = 0;
		};
/* End PBXResourcesBuildPhase section */

/* Begin PBXSourcesBuildPhase section */
		32664E1C24B32FFB00208EF7 /* Sources */ = {
			isa = PBXSourcesBuildPhase;
			buildActionMask = 2147483647;
			files = (
				32664E3B24B3588100208EF7 /* ViewController.swift in Sources */,
				32664E3F24B35D7C00208EF7 /* NextViewController.swift in Sources */,
				32664E2424B32FFB00208EF7 /* AppDelegate.swift in Sources */,
				32664E2624B32FFB00208EF7 /* SceneDelegate.swift in Sources */,
			);
			runOnlyForDeploymentPostprocessing = 0;
		};
/* End PBXSourcesBuildPhase section */

/* Begin PBXVariantGroup section */
		32664E2924B32FFB00208EF7 /* Main.storyboard */ = {
			isa = PBXVariantGroup;
			children = (
				32664E2A24B32FFB00208EF7 /* Base */,
			);
			name = Main.storyboard;
			sourceTree = "<group>";
		};
		32664E2E24B32FFD00208EF7 /* LaunchScreen.storyboard */ = {
			isa = PBXVariantGroup;
			children = (
				32664E2F24B32FFD00208EF7 /* Base */,
			);
			name = LaunchScreen.storyboard;
			sourceTree = "<group>";
		};
/* End PBXVariantGroup section */

/* Begin XCBuildConfiguration section */
		32664E3224B32FFD00208EF7 /* Debug */ = {
			isa = XCBuildConfiguration;
			buildSettings = {
				ALWAYS_SEARCH_USER_PATHS = NO;
				CLANG_ANALYZER_NONNULL = YES;
				CLANG_ANALYZER_NUMBER_OBJECT_CONVERSION = YES_AGGRESSIVE;
				CLANG_CXX_LANGUAGE_STANDARD = "gnu++14";
				CLANG_CXX_LIBRARY = "libc++";
				CLANG_ENABLE_MODULES = YES;
				CLANG_ENABLE_OBJC_ARC = YES;
				CLANG_ENABLE_OBJC_WEAK = YES;
				CLANG_WARN_BLOCK_CAPTURE_AUTORELEASING = YES;
				CLANG_WARN_BOOL_CONVERSION = YES;
				CLANG_WARN_COMMA = YES;
				CLANG_WARN_CONSTANT_CONVERSION = YES;
				CLANG_WARN_DEPRECATED_OBJC_IMPLEMENTATIONS = YES;
				CLANG_WARN_DIRECT_OBJC_ISA_USAGE = YES_ERROR;
				CLANG_WARN_DOCUMENTATION_COMMENTS = YES;
				CLANG_WARN_EMPTY_BODY = YES;
				CLANG_WARN_ENUM_CONVERSION = YES;
				CLANG_WARN_INFINITE_RECURSION = YES;
				CLANG_WARN_INT_CONVERSION = YES;
				CLANG_WARN_NON_LITERAL_NULL_CONVERSION = YES;
				CLANG_WARN_OBJC_IMPLICIT_RETAIN_SELF = YES;
				CLANG_WARN_OBJC_LITERAL_CONVERSION = YES;
				CLANG_WARN_OBJC_ROOT_CLASS = YES_ERROR;
				CLANG_WARN_RANGE_LOOP_ANALYSIS = YES;
				CLANG_WARN_STRICT_PROTOTYPES = YES;
				CLANG_WARN_SUSPICIOUS_MOVE = YES;
				CLANG_WARN_UNGUARDED_AVAILABILITY = YES_AGGRESSIVE;
				CLANG_WARN_UNREACHABLE_CODE = YES;
				CLANG_WARN__DUPLICATE_METHOD_MATCH = YES;
				COPY_PHASE_STRIP = NO;
				DEBUG_INFORMATION_FORMAT = dwarf;
				ENABLE_STRICT_OBJC_MSGSEND = YES;
				ENABLE_TESTABILITY = YES;
				GCC_C_LANGUAGE_STANDARD = gnu11;
				GCC_DYNAMIC_NO_PIC = NO;
				GCC_NO_COMMON_BLOCKS = YES;
				GCC_OPTIMIZATION_LEVEL = 0;
				GCC_PREPROCESSOR_DEFINITIONS = (
					"DEBUG=1",
					"$(inherited)",
				);
				GCC_WARN_64_TO_32_BIT_CONVERSION = YES;
				GCC_WARN_ABOUT_RETURN_TYPE = YES_ERROR;
				GCC_WARN_UNDECLARED_SELECTOR = YES;
				GCC_WARN_UNINITIALIZED_AUTOS = YES_AGGRESSIVE;
				GCC_WARN_UNUSED_FUNCTION = YES;
				GCC_WARN_UNUSED_VARIABLE = YES;
				IPHONEOS_DEPLOYMENT_TARGET = 13.5;
				MTL_ENABLE_DEBUG_INFO = INCLUDE_SOURCE;
				MTL_FAST_MATH = YES;
				ONLY_ACTIVE_ARCH = YES;
				SDKROOT = iphoneos;
				SWIFT_ACTIVE_COMPILATION_CONDITIONS = DEBUG;
				SWIFT_OPTIMIZATION_LEVEL = "-Onone";
			};
			name = Debug;
		};
		32664E3324B32FFD00208EF7 /* Release */ = {
			isa = XCBuildConfiguration;
			buildSettings = {
				ALWAYS_SEARCH_USER_PATHS = NO;
				CLANG_ANALYZER_NONNULL = YES;
				CLANG_ANALYZER_NUMBER_OBJECT_CONVERSION = YES_AGGRESSIVE;
				CLANG_CXX_LANGUAGE_STANDARD = "gnu++14";
				CLANG_CXX_LIBRARY = "libc++";
				CLANG_ENABLE_MODULES = YES;
				CLANG_ENABLE_OBJC_ARC = YES;
				CLANG_ENABLE_OBJC_WEAK = YES;
				CLANG_WARN_BLOCK_CAPTURE_AUTORELEASING = YES;
				CLANG_WARN_BOOL_CONVERSION = YES;
				CLANG_WARN_COMMA = YES;
				CLANG_WARN_CONSTANT_CONVERSION = YES;
				CLANG_WARN_DEPRECATED_OBJC_IMPLEMENTATIONS = YES;
				CLANG_WARN_DIRECT_OBJC_ISA_USAGE = YES_ERROR;
				CLANG_WARN_DOCUMENTATION_COMMENTS = YES;
				CLANG_WARN_EMPTY_BODY = YES;
				CLANG_WARN_ENUM_CONVERSION = YES;
				CLANG_WARN_INFINITE_RECURSION = YES;
				CLANG_WARN_INT_CONVERSION = YES;
				CLANG_WARN_NON_LITERAL_NULL_CONVERSION = YES;
				CLANG_WARN_OBJC_IMPLICIT_RETAIN_SELF = YES;
				CLANG_WARN_OBJC_LITERAL_CONVERSION = YES;
				CLANG_WARN_OBJC_ROOT_CLASS = YES_ERROR;
				CLANG_WARN_RANGE_LOOP_ANALYSIS = YES;
				CLANG_WARN_STRICT_PROTOTYPES = YES;
				CLANG_WARN_SUSPICIOUS_MOVE = YES;
				CLANG_WARN_UNGUARDED_AVAILABILITY = YES_AGGRESSIVE;
				CLANG_WARN_UNREACHABLE_CODE = YES;
				CLANG_WARN__DUPLICATE_METHOD_MATCH = YES;
				COPY_PHASE_STRIP = NO;
				DEBUG_INFORMATION_FORMAT = "dwarf-with-dsym";
				ENABLE_NS_ASSERTIONS = NO;
				ENABLE_STRICT_OBJC_MSGSEND = YES;
				GCC_C_LANGUAGE_STANDARD = gnu11;
				GCC_NO_COMMON_BLOCKS = YES;
				GCC_WARN_64_TO_32_BIT_CONVERSION = YES;
				GCC_WARN_ABOUT_RETURN_TYPE = YES_ERROR;
				GCC_WARN_UNDECLARED_SELECTOR = YES;
				GCC_WARN_UNINITIALIZED_AUTOS = YES_AGGRESSIVE;
				GCC_WARN_UNUSED_FUNCTION = YES;
				GCC_WARN_UNUSED_VARIABLE = YES;
				IPHONEOS_DEPLOYMENT_TARGET = 13.5;
				MTL_ENABLE_DEBUG_INFO = NO;
				MTL_FAST_MATH = YES;
				SDKROOT = iphoneos;
				SWIFT_COMPILATION_MODE = wholemodule;
				SWIFT_OPTIMIZATION_LEVEL = "-O";
				VALIDATE_PRODUCT = YES;
			};
			name = Release;
		};
		32664E3524B32FFD00208EF7 /* Debug */ = {
			isa = XCBuildConfiguration;
			buildSettings = {
				ASSETCATALOG_COMPILER_APPICON_NAME = AppIcon;
				CODE_SIGN_STYLE = Automatic;
				DEVELOPMENT_TEAM = FU567G25XF;
				INFOPLIST_FILE = "wan-cat/Info.plist";
				LD_RUNPATH_SEARCH_PATHS = (
					"$(inherited)",
					"@executable_path/Frameworks",
				);
				PRODUCT_BUNDLE_IDENTIFIER = "com.gmail.Fumiya.Soeno.wan-cat";
				PRODUCT_NAME = "$(TARGET_NAME)";
				SWIFT_VERSION = 5.0;
				TARGETED_DEVICE_FAMILY = "1,2";
			};
			name = Debug;
		};
		32664E3624B32FFD00208EF7 /* Release */ = {
			isa = XCBuildConfiguration;
			buildSettings = {
				ASSETCATALOG_COMPILER_APPICON_NAME = AppIcon;
				CODE_SIGN_STYLE = Automatic;
				DEVELOPMENT_TEAM = FU567G25XF;
				INFOPLIST_FILE = "wan-cat/Info.plist";
				LD_RUNPATH_SEARCH_PATHS = (
					"$(inherited)",
					"@executable_path/Frameworks",
				);
				PRODUCT_BUNDLE_IDENTIFIER = "com.gmail.Fumiya.Soeno.wan-cat";
				PRODUCT_NAME = "$(TARGET_NAME)";
				SWIFT_VERSION = 5.0;
				TARGETED_DEVICE_FAMILY = "1,2";
			};
			name = Release;
		};
/* End XCBuildConfiguration section */

/* Begin XCConfigurationList section */
		32664E1B24B32FFB00208EF7 /* Build configuration list for PBXProject "wan-cat" */ = {
			isa = XCConfigurationList;
			buildConfigurations = (
				32664E3224B32FFD00208EF7 /* Debug */,
				32664E3324B32FFD00208EF7 /* Release */,
			);
			defaultConfigurationIsVisible = 0;
			defaultConfigurationName = Release;
		};
		32664E3424B32FFD00208EF7 /* Build configuration list for PBXNativeTarget "wan-cat" */ = {
			isa = XCConfigurationList;
			buildConfigurations = (
				32664E3524B32FFD00208EF7 /* Debug */,
				32664E3624B32FFD00208EF7 /* Release */,
			);
			defaultConfigurationIsVisible = 0;
			defaultConfigurationName = Release;
		};
/* End XCConfigurationList section */
	};
	rootObject = 32664E1824B32FFB00208EF7 /* Project object */;
}
